
Microsoft Visual Studio Solution File, Format Version 12.00
# Visual Studio Version 17
VisualStudioVersion = 17.5.33516.290
MinimumVisualStudioVersion = 10.0.40219.1
Project("{9A19103F-16F7-4668-BE54-9A1E7A4F7556}") = "Ppt.Api", "Ppt.Api.csproj", "{34445AA3-B56E-48F2-9F9A-3D22EA3FD2AA}"
EndProject
Global
	GlobalSection(SolutionConfigurationPlatforms) = preSolution
		Debug|Any CPU = Debug|Any CPU
		Release|Any CPU = Release|Any CPU
	EndGlobalSection
	GlobalSection(ProjectConfigurationPlatforms) = postSolution
		{34445AA3-B56E-48F2-9F9A-3D22EA3FD2AA}.Debug|Any CPU.ActiveCfg = Debug|Any CPU
		{34445AA3-B56E-48F2-9F9A-3D22EA3FD2AA}.Debug|Any CPU.Build.0 = Debug|Any CPU
		{34445AA3-B56E-48F2-9F9A-3D22EA3FD2AA}.Release|Any CPU.ActiveCfg = Release|Any CPU
		{34445AA3-B56E-48F2-9F9A-3D22EA3FD2AA}.Release|Any CPU.Build.0 = Release|Any CPU
	EndGlobalSection
	GlobalSection(SolutionProperties) = preSolution
		HideSolutionNode = FALSE
	EndGlobalSection
	GlobalSection(ExtensibilityGlobals) = postSolution
		SolutionGuid = {A5B16F24-A6E4-4B6B-96D3-16FAD4532F7C}
	EndGlobalSection
EndGlobal
